
Microsoft Visual Studio Solution File, Format Version 12.00
# Visual Studio Version 16
VisualStudioVersion = 16.0.31205.134
MinimumVisualStudioVersion = 10.0.40219.1
Project("{9A19103F-16F7-4668-BE54-9A1E7A4F7556}") = "BarkforsAPI", "BarkforsAPI\BarkforsAPI.csproj", "{2DC80AEA-67FB-47A9-8CCB-D42D78B8004E}"
EndProject
Project("{9A19103F-16F7-4668-BE54-9A1E7A4F7556}") = "Vehicle.Data", "Vehicle.Data\Vehicle.Data.csproj", "{AB5B73CD-3BE7-46B3-89DA-75A458CED95B}"
EndProject
Global
	GlobalSection(SolutionConfigurationPlatforms) = preSolution
		Debug|Any CPU = Debug|Any CPU
		Release|Any CPU = Release|Any CPU
	EndGlobalSection
	GlobalSection(ProjectConfigurationPlatforms) = postSolution
		{2DC80AEA-67FB-47A9-8CCB-D42D78B8004E}.Debug|Any CPU.ActiveCfg = Debug|Any CPU
		{2DC80AEA-67FB-47A9-8CCB-D42D78B8004E}.Debug|Any CPU.Build.0 = Debug|Any CPU
		{2DC80AEA-67FB-47A9-8CCB-D42D78B8004E}.Release|Any CPU.ActiveCfg = Release|Any CPU
		{2DC80AEA-67FB-47A9-8CCB-D42D78B8004E}.Release|Any CPU.Build.0 = Release|Any CPU
		{AB5B73CD-3BE7-46B3-89DA-75A458CED95B}.Debug|Any CPU.ActiveCfg = Debug|Any CPU
		{AB5B73CD-3BE7-46B3-89DA-75A458CED95B}.Debug|Any CPU.Build.0 = Debug|Any CPU
		{AB5B73CD-3BE7-46B3-89DA-75A458CED95B}.Release|Any CPU.ActiveCfg = Release|Any CPU
		{AB5B73CD-3BE7-46B3-89DA-75A458CED95B}.Release|Any CPU.Build.0 = Release|Any CPU
	EndGlobalSection
	GlobalSection(SolutionProperties) = preSolution
		HideSolutionNode = FALSE
	EndGlobalSection
	GlobalSection(ExtensibilityGlobals) = postSolution
		SolutionGuid = {B797F63D-5A1A-464E-A085-02DCB2739BB3}
	EndGlobalSection
EndGlobal
